
Microsoft Visual Studio Solution File, Format Version 12.00
# Visual Studio Version 16
VisualStudioVersion = 16.0.30907.101
MinimumVisualStudioVersion = 10.0.40219.1
Project("{9A19103F-16F7-4668-BE54-9A1E7A4F7556}") = "CommandLineArgumentParser", "CommandLineArgumentParser\CommandLineArgumentParser.csproj", "{A9DE4830-CBB3-4ABE-B92C-E2EFB129C917}"
EndProject
Project("{FAE04EC0-301F-11D3-BF4B-00C04F79EFBC}") = "CommandLineArgumentParser.Tests", "CommandLineArgumentParser.Tests\CommandLineArgumentParser.Tests.csproj", "{F1E495F3-F225-4A84-9E66-93ABB78231D3}"
EndProject
Global
	GlobalSection(SolutionConfigurationPlatforms) = preSolution
		Debug|Any CPU = Debug|Any CPU
		Release|Any CPU = Release|Any CPU
	EndGlobalSection
	GlobalSection(ProjectConfigurationPlatforms) = postSolution
		{A9DE4830-CBB3-4ABE-B92C-E2EFB129C917}.Debug|Any CPU.ActiveCfg = Debug|Any CPU
		{A9DE4830-CBB3-4ABE-B92C-E2EFB129C917}.Debug|Any CPU.Build.0 = Debug|Any CPU
		{A9DE4830-CBB3-4ABE-B92C-E2EFB129C917}.Release|Any CPU.ActiveCfg = Release|Any CPU
		{A9DE4830-CBB3-4ABE-B92C-E2EFB129C917}.Release|Any CPU.Build.0 = Release|Any CPU
		{F1E495F3-F225-4A84-9E66-93ABB78231D3}.Debug|Any CPU.ActiveCfg = Debug|Any CPU
		{F1E495F3-F225-4A84-9E66-93ABB78231D3}.Debug|Any CPU.Build.0 = Debug|Any CPU
		{F1E495F3-F225-4A84-9E66-93ABB78231D3}.Release|Any CPU.ActiveCfg = Release|Any CPU
		{F1E495F3-F225-4A84-9E66-93ABB78231D3}.Release|Any CPU.Build.0 = Release|Any CPU
	EndGlobalSection
	GlobalSection(SolutionProperties) = preSolution
		HideSolutionNode = FALSE
	EndGlobalSection
	GlobalSection(ExtensibilityGlobals) = postSolution
		SolutionGuid = {5E042357-4810-4A29-BFC0-EDC73E74EA26}
	EndGlobalSection
EndGlobal
